{
  "name": "fs",
  "version": "1.0.0",
  "lockfileVersion": 1,
  "requires": true,
  "dependencies": {
    "iconv-lite": {
      "version": "0.4.23",
      "resolved": "http://registry.npm.taobao.org/iconv-lite/download/iconv-lite-0.4.23.tgz",
      "integrity": "sha1-KXhx9jvlB63Pv8pxXQzQ7thOmmM=",
      "requires": {
        "safer-buffer": "2.1.2"
      }
    },
    "safer-buffer": {
      "version": "2.1.2",
      "resolved": "http://registry.npm.taobao.org/safer-buffer/download/safer-buffer-2.1.2.tgz",
      "integrity": "sha1-RPoWGwGHuVSd2Eu5GAL5vYOFzWo="
    }
  }
}
