{
  "name": "website",
  "version": "1.0.0",
  "lockfileVersion": 1,
  "requires": true,
  "dependencies": {
    "@types/estree": {
      "version": "0.0.39",
      "resolved": "http://registry.npm.taobao.org/@types/estree/download/@types/estree-0.0.39.tgz",
      "integrity": "sha1-4Xfmme4bjCLSMXTKqnQiZEOJUJ8="
    },
    "@types/node": {
      "version": "10.12.10",
      "resolved": "http://registry.npm.taobao.org/@types/node/download/@types/node-10.12.10.tgz",
      "integrity": "sha1-T6duZZi33j8Mtuw6usxPWeWzos4="
    },
    "accepts": {
      "version": "1.3.5",
      "resolved": "http://registry.npm.taobao.org/accepts/download/accepts-1.3.5.tgz",
      "integrity": "sha1-63d99gEXI6OxTopywIBcjoZ0a9I=",
      "requires": {
        "mime-types": "~2.1.18",
        "negotiator": "0.6.1"
      }
    },
    "ansi-regex": {
      "version": "2.1.1",
      "resolved": "http://registry.npm.taobao.org/ansi-regex/download/ansi-regex-2.1.1.tgz",
      "integrity": "sha1-w7M6te42DYbg5ijwRorn7yfWVN8="
    },
    "ansi-styles": {
      "version": "2.2.1",
      "resolved": "http://registry.npm.taobao.org/ansi-styles/download/ansi-styles-2.2.1.tgz",
      "integrity": "sha1-tDLdM1i2NM914eRmQ2gkBTPB3b4="
    },
    "any-promise": {
      "version": "1.3.0",
      "resolved": "http://registry.npm.taobao.org/any-promise/download/any-promise-1.3.0.tgz",
      "integrity": "sha1-q8av7tzqUugJzcA3au0845Y10X8="
    },
    "babel": {
      "version": "6.23.0",
      "resolved": "https://registry.npmjs.org/babel/-/babel-6.23.0.tgz",
      "integrity": "sha1-0NHn2APpdHZb7qMjLU4VPA77kPQ="
    },
    "babel-code-frame": {
      "version": "6.26.0",
      "resolved": "https://registry.npmjs.org/babel-code-frame/-/babel-code-frame-6.26.0.tgz",
      "integrity": "sha1-Y/1D99weO7fONZR9uP42mj9Yx0s=",
      "requires": {
        "chalk": "^1.1.3",
        "esutils": "^2.0.2",
        "js-tokens": "^3.0.2"
      }
    },
    "babel-core": {
      "version": "6.26.3",
      "resolved": "https://registry.npmjs.org/babel-core/-/babel-core-6.26.3.tgz",
      "integrity": "sha512-6jyFLuDmeidKmUEb3NM+/yawG0M2bDZ9Z1qbZP59cyHLz8kYGKYwpJP0UwUKKUiTRNvxfLesJnTedqczP7cTDA==",
      "requires": {
        "babel-code-frame": "^6.26.0",
        "babel-generator": "^6.26.0",
        "babel-helpers": "^6.24.1",
        "babel-messages": "^6.23.0",
        "babel-register": "^6.26.0",
        "babel-runtime": "^6.26.0",
        "babel-template": "^6.26.0",
        "babel-traverse": "^6.26.0",
        "babel-types": "^6.26.0",
        "babylon": "^6.18.0",
        "convert-source-map": "^1.5.1",
        "debug": "^2.6.9",
        "json5": "^0.5.1",
        "lodash": "^4.17.4",
        "minimatch": "^3.0.4",
        "path-is-absolute": "^1.0.1",
        "private": "^0.1.8",
        "slash": "^1.0.0",
        "source-map": "^0.5.7"
      },
      "dependencies": {
        "source-map": {
          "version": "0.5.7",
          "resolved": "https://registry.npmjs.org/source-map/-/source-map-0.5.7.tgz",
          "integrity": "sha1-igOdLRAh0i0eoUyA2OpGi6LvP8w="
        }
      }
    },
    "babel-generator": {
      "version": "6.26.1",
      "resolved": "https://registry.npmjs.org/babel-generator/-/babel-generator-6.26.1.tgz",
      "integrity": "sha512-HyfwY6ApZj7BYTcJURpM5tznulaBvyio7/0d4zFOeMPUmfxkCjHocCuoLa2SAGzBI8AREcH3eP3758F672DppA==",
      "requires": {
        "babel-messages": "^6.23.0",
        "babel-runtime": "^6.26.0",
        "babel-types": "^6.26.0",
        "detect-indent": "^4.0.0",
        "jsesc": "^1.3.0",
        "lodash": "^4.17.4",
        "source-map": "^0.5.7",
        "trim-right": "^1.0.1"
      },
      "dependencies": {
        "source-map": {
          "version": "0.5.7",
          "resolved": "https://registry.npmjs.org/source-map/-/source-map-0.5.7.tgz",
          "integrity": "sha1-igOdLRAh0i0eoUyA2OpGi6LvP8w="
        }
      }
    },
    "babel-helpers": {
      "version": "6.24.1",
      "resolved": "https://registry.npmjs.org/babel-helpers/-/babel-helpers-6.24.1.tgz",
      "integrity": "sha1-NHHenK7DiOXIUOWX5Yom3fN2ArI=",
      "requires": {
        "babel-runtime": "^6.22.0",
        "babel-template": "^6.24.1"
      }
    },
    "babel-messages": {
      "version": "6.23.0",
      "resolved": "https://registry.npmjs.org/babel-messages/-/babel-messages-6.23.0.tgz",
      "integrity": "sha1-8830cDhYA1sqKVHG7F7fbGLyYw4=",
      "requires": {
        "babel-runtime": "^6.22.0"
      }
    },
    "babel-register": {
      "version": "6.26.0",
      "resolved": "https://registry.npmjs.org/babel-register/-/babel-register-6.26.0.tgz",
      "integrity": "sha1-btAhFz4vy0htestFxgCahW9kcHE=",
      "requires": {
        "babel-core": "^6.26.0",
        "babel-runtime": "^6.26.0",
        "core-js": "^2.5.0",
        "home-or-tmp": "^2.0.0",
        "lodash": "^4.17.4",
        "mkdirp": "^0.5.1",
        "source-map-support": "^0.4.15"
      }
    },
    "babel-runtime": {
      "version": "6.26.0",
      "resolved": "https://registry.npmjs.org/babel-runtime/-/babel-runtime-6.26.0.tgz",
      "integrity": "sha1-llxwWGaOgrVde/4E/yM3vItWR/4=",
      "requires": {
        "core-js": "^2.4.0",
        "regenerator-runtime": "^0.11.0"
      }
    },
    "babel-template": {
      "version": "6.26.0",
      "resolved": "https://registry.npmjs.org/babel-template/-/babel-template-6.26.0.tgz",
      "integrity": "sha1-3gPi0WOWsGn0bdn/+FIfsaDjXgI=",
      "requires": {
        "babel-runtime": "^6.26.0",
        "babel-traverse": "^6.26.0",
        "babel-types": "^6.26.0",
        "babylon": "^6.18.0",
        "lodash": "^4.17.4"
      }
    },
    "babel-traverse": {
      "version": "6.26.0",
      "resolved": "https://registry.npmjs.org/babel-traverse/-/babel-traverse-6.26.0.tgz",
      "integrity": "sha1-RqnL1+3MYsjlwGTi0tjQ9ANXZu4=",
      "requires": {
        "babel-code-frame": "^6.26.0",
        "babel-messages": "^6.23.0",
        "babel-runtime": "^6.26.0",
        "babel-types": "^6.26.0",
        "babylon": "^6.18.0",
        "debug": "^2.6.8",
        "globals": "^9.18.0",
        "invariant": "^2.2.2",
        "lodash": "^4.17.4"
      }
    },
    "babel-types": {
      "version": "6.26.0",
      "resolved": "https://registry.npmjs.org/babel-types/-/babel-types-6.26.0.tgz",
      "integrity": "sha1-o7Bz+Uq0nrb6Vc1lInozQ4BjJJc=",
      "requires": {
        "babel-runtime": "^6.26.0",
        "esutils": "^2.0.2",
        "lodash": "^4.17.4",
        "to-fast-properties": "^1.0.3"
      }
    },
    "babylon": {
      "version": "6.18.0",
      "resolved": "https://registry.npmjs.org/babylon/-/babylon-6.18.0.tgz",
      "integrity": "sha512-q/UEjfGJ2Cm3oKV71DJz9d25TPnq5rhBVL2Q4fA5wcC3jcrdn7+SssEybFIxwAvvP+YCsCYNKughoF33GxgycQ=="
    },
    "balanced-match": {
      "version": "1.0.0",
      "resolved": "http://registry.npm.taobao.org/balanced-match/download/balanced-match-1.0.0.tgz",
      "integrity": "sha1-ibTRmasr7kneFk6gK4nORi1xt2c="
    },
    "block-stream": {
      "version": "0.0.9",
      "resolved": "http://registry.npm.taobao.org/block-stream/download/block-stream-0.0.9.tgz",
      "integrity": "sha1-E+v+d4oDIFz+A3UUgeu0szAMEmo=",
      "requires": {
        "inherits": "~2.0.0"
      }
    },
    "brace-expansion": {
      "version": "1.1.11",
      "resolved": "http://registry.npm.taobao.org/brace-expansion/download/brace-expansion-1.1.11.tgz",
      "integrity": "sha1-PH/L9SnYcibz0vUrlm/1Jx60Qd0=",
      "requires": {
        "balanced-match": "^1.0.0",
        "concat-map": "0.0.1"
      }
    },
    "buffer-from": {
      "version": "0.1.2",
      "resolved": "http://registry.npm.taobao.org/buffer-from/download/buffer-from-0.1.2.tgz",
      "integrity": "sha1-FfS5vO8BIETfMRQsFDM8r24CYNA="
    },
    "builtins": {
      "version": "1.0.3",
      "resolved": "http://registry.npm.taobao.org/builtins/download/builtins-1.0.3.tgz",
      "integrity": "sha1-y5T662HIaWRR2zZTThQi+U8K7og="
    },
    "cache-content-type": {
      "version": "1.0.1",
      "resolved": "http://registry.npm.taobao.org/cache-content-type/download/cache-content-type-1.0.1.tgz",
      "integrity": "sha1-A1zeKwjuISn0qDFeqPAKANuhRTw=",
      "requires": {
        "mime-types": "^2.1.18",
        "ylru": "^1.2.0"
      }
    },
    "chalk": {
      "version": "1.1.3",
      "resolved": "http://registry.npm.taobao.org/chalk/download/chalk-1.1.3.tgz",
      "integrity": "sha1-qBFcVeSnAv5NFQq9OHKCKn4J/Jg=",
      "requires": {
        "ansi-styles": "^2.2.1",
        "escape-string-regexp": "^1.0.2",
        "has-ansi": "^2.0.0",
        "strip-ansi": "^3.0.0",
        "supports-color": "^2.0.0"
      }
    },
    "co": {
      "version": "4.6.0",
      "resolved": "http://registry.npm.taobao.org/co/download/co-4.6.0.tgz",
      "integrity": "sha1-bqa989hTrlTMuOR7+gvz+QMfsYQ="
    },
    "commander": {
      "version": "2.18.0",
      "resolved": "http://registry.npm.taobao.org/commander/download/commander-2.18.0.tgz",
      "integrity": "sha1-K/Bj3e58eJEXaYGizHmOV1S8aXA="
    },
    "concat-map": {
      "version": "0.0.1",
      "resolved": "http://registry.npm.taobao.org/concat-map/download/concat-map-0.0.1.tgz",
      "integrity": "sha1-2Klr13/Wjfd5OnMDajug1UBdR3s="
    },
    "content-disposition": {
      "version": "0.5.2",
      "resolved": "http://registry.npm.taobao.org/content-disposition/download/content-disposition-0.5.2.tgz",
      "integrity": "sha1-DPaLud318r55YcOoUXjLhdunjLQ="
    },
    "content-type": {
      "version": "1.0.4",
      "resolved": "http://registry.npm.taobao.org/content-type/download/content-type-1.0.4.tgz",
      "integrity": "sha1-4TjMdeBAxyexlm/l5fjJruJW/js="
    },
    "convert-source-map": {
      "version": "1.8.0",
      "resolved": "https://registry.npmjs.org/convert-source-map/-/convert-source-map-1.8.0.tgz",
      "integrity": "sha512-+OQdjP49zViI/6i7nIJpA8rAl4sV/JdPfU9nZs3VqOwGIgizICvuN2ru6fMd+4llL0tar18UYJXfZ/TWtmhUjA==",
      "requires": {
        "safe-buffer": "~5.1.1"
      }
    },
    "cookies": {
      "version": "0.7.3",
      "resolved": "http://registry.npm.taobao.org/cookies/download/cookies-0.7.3.tgz",
      "integrity": "sha1-eRLOIfvy6MLacM8cPzUa7PWdrfo=",
      "requires": {
        "depd": "~1.1.2",
        "keygrip": "~1.0.3"
      }
    },
    "core-js": {
      "version": "2.6.12",
      "resolved": "https://registry.npmjs.org/core-js/-/core-js-2.6.12.tgz",
      "integrity": "sha512-Kb2wC0fvsWfQrgk8HU5lW6U/Lcs8+9aaYcy4ZFc6DDlo4nZ7n70dEgE5rtR0oG6ufKDUnrwfWL1mXR5ljDatrQ=="
    },
    "core-util-is": {
      "version": "1.0.2",
      "resolved": "http://registry.npm.taobao.org/core-util-is/download/core-util-is-1.0.2.tgz",
      "integrity": "sha1-tf1UIgqivFq1eqtxQMlAdUUDwac="
    },
    "create-react-app": {
      "version": "2.1.1",
      "resolved": "https://registry.npmjs.org/create-react-app/-/create-react-app-2.1.1.tgz",
      "integrity": "sha512-ZCDwk0joko6JqKscWEaNPs32GyxVQZOIXxa7KmzZwnxiUyWfsWoiXfbivK5KyPnUT8AYztexCH9VI0tBTiqlsg==",
      "requires": {
        "chalk": "1.1.3",
        "commander": "2.18.0",
        "cross-spawn": "4.0.2",
        "envinfo": "5.10.0",
        "fs-extra": "5.0.0",
        "hyperquest": "2.1.3",
        "semver": "5.5.1",
        "tar-pack": "3.4.1",
        "tmp": "0.0.33",
        "validate-npm-package-name": "3.0.0"
      }
    },
    "cross-spawn": {
      "version": "4.0.2",
      "resolved": "http://registry.npm.taobao.org/cross-spawn/download/cross-spawn-4.0.2.tgz",
      "integrity": "sha1-e5JHYhwjrf3ThWAEqCPL45dCTUE=",
      "requires": {
        "lru-cache": "^4.0.1",
        "which": "^1.2.9"
      }
    },
    "debug": {
      "version": "2.6.9",
      "resolved": "http://registry.npm.taobao.org/debug/download/debug-2.6.9.tgz",
      "integrity": "sha1-XRKFFd8TT/Mn6QpMk/Tgd6U2NB8=",
      "requires": {
        "ms": "2.0.0"
      }
    },
    "deep-equal": {
      "version": "1.0.1",
      "resolved": "http://registry.npm.taobao.org/deep-equal/download/deep-equal-1.0.1.tgz",
      "integrity": "sha1-9dJgKStmDghO/0zbyfCK0yR0SLU="
    },
    "delegates": {
      "version": "1.0.0",
      "resolved": "http://registry.npm.taobao.org/delegates/download/delegates-1.0.0.tgz",
      "integrity": "sha1-hMbhWbgZBP3KWaDvRM2HDTElD5o="
    },
    "depd": {
      "version": "1.1.2",
      "resolved": "http://registry.npm.taobao.org/depd/download/depd-1.1.2.tgz",
      "integrity": "sha1-m81S4UwJd2PnSbJ0xDRu0uVgtak="
    },
    "destroy": {
      "version": "1.0.4",
      "resolved": "http://registry.npm.taobao.org/destroy/download/destroy-1.0.4.tgz",
      "integrity": "sha1-l4hXRCxEdJ5CBmE+N5RiBYJqvYA="
    },
    "detect-indent": {
      "version": "4.0.0",
      "resolved": "https://registry.npmjs.org/detect-indent/-/detect-indent-4.0.0.tgz",
      "integrity": "sha1-920GQ1LN9Docts5hnE7jqUdd4gg=",
      "requires": {
        "repeating": "^2.0.0"
      }
    },
    "dom-walk": {
      "version": "0.1.1",
      "resolved": "http://registry.npm.taobao.org/dom-walk/download/dom-walk-0.1.1.tgz",
      "integrity": "sha1-ZyIm3HTI95mtNTB9+TaroRrNYBg="
    },
    "duplexer2": {
      "version": "0.0.2",
      "resolved": "http://registry.npm.taobao.org/duplexer2/download/duplexer2-0.0.2.tgz",
      "integrity": "sha1-xhTc9n4vsUmVqRcR5aYX6KYKMds=",
      "requires": {
        "readable-stream": "~1.1.9"
      }
    },
    "ee-first": {
      "version": "1.1.1",
      "resolved": "http://registry.npm.taobao.org/ee-first/download/ee-first-1.1.1.tgz",
      "integrity": "sha1-WQxhFWsK4vTwJVcyoViyZrxWsh0="
    },
    "envinfo": {
      "version": "5.10.0",
      "resolved": "http://registry.npm.taobao.org/envinfo/download/envinfo-5.10.0.tgz",
      "integrity": "sha1-UDqXdK4VuT6mi9+uLM1jBmJOpt8="
    },
    "error-inject": {
      "version": "1.0.0",
      "resolved": "http://registry.npm.taobao.org/error-inject/download/error-inject-1.0.0.tgz",
      "integrity": "sha1-4rPZG1Su1nLzCdlQ0VSFD6EdTzc="
    },
    "escape-html": {
      "version": "1.0.3",
      "resolved": "http://registry.npm.taobao.org/escape-html/download/escape-html-1.0.3.tgz",
      "integrity": "sha1-Aljq5NPQwJdN4cFpGI7wBR0dGYg="
    },
    "escape-string-regexp": {
      "version": "1.0.5",
      "resolved": "http://registry.npm.taobao.org/escape-string-regexp/download/escape-string-regexp-1.0.5.tgz",
      "integrity": "sha1-G2HAViGQqN/2rjuyzwIAyhMLhtQ="
    },
    "esutils": {
      "version": "2.0.3",
      "resolved": "https://registry.npmjs.org/esutils/-/esutils-2.0.3.tgz",
      "integrity": "sha512-kVscqXk4OCp68SZ0dkgEKVi6/8ij300KBWTJq32P/dYeWTSwK41WyTxalN1eRmA5Z9UU/LX9D7FWSmV9SAYx6g=="
    },
    "fresh": {
      "version": "0.5.2",
      "resolved": "http://registry.npm.taobao.org/fresh/download/fresh-0.5.2.tgz",
      "integrity": "sha1-PYyt2Q2XZWn6g1qx+OSyOhBWBac="
    },
    "fs-extra": {
      "version": "5.0.0",
      "resolved": "http://registry.npm.taobao.org/fs-extra/download/fs-extra-5.0.0.tgz",
      "integrity": "sha1-QU0BEM3QZwVzTQVWUsVBEmDDGr0=",
      "requires": {
        "graceful-fs": "^4.1.2",
        "jsonfile": "^4.0.0",
        "universalify": "^0.1.0"
      }
    },
    "fs.realpath": {
      "version": "1.0.0",
      "resolved": "http://registry.npm.taobao.org/fs.realpath/download/fs.realpath-1.0.0.tgz",
      "integrity": "sha1-FQStJSMVjKpA20onh8sBQRmU6k8="
    },
    "fstream": {
      "version": "1.0.11",
      "resolved": "http://registry.npm.taobao.org/fstream/download/fstream-1.0.11.tgz",
      "integrity": "sha1-XB+x8RdHcRTwYyoOtLcbPLD9MXE=",
      "requires": {
        "graceful-fs": "^4.1.2",
        "inherits": "~2.0.0",
        "mkdirp": ">=0.5 0",
        "rimraf": "2"
      }
    },
    "fstream-ignore": {
      "version": "1.0.5",
      "resolved": "http://registry.npm.taobao.org/fstream-ignore/download/fstream-ignore-1.0.5.tgz",
      "integrity": "sha1-nDHa40dnAY/h0kmyTa2mfQktoQU=",
      "requires": {
        "fstream": "^1.0.0",
        "inherits": "2",
        "minimatch": "^3.0.0"
      }
    },
    "glob": {
      "version": "7.1.3",
      "resolved": "http://registry.npm.taobao.org/glob/download/glob-7.1.3.tgz",
      "integrity": "sha1-OWCDLT8VdBCDQtr9OmezMsCWnfE=",
      "requires": {
        "fs.realpath": "^1.0.0",
        "inflight": "^1.0.4",
        "inherits": "2",
        "minimatch": "^3.0.4",
        "once": "^1.3.0",
        "path-is-absolute": "^1.0.0"
      }
    },
    "global": {
      "version": "4.3.2",
      "resolved": "https://registry.npmjs.org/global/-/global-4.3.2.tgz",
      "integrity": "sha1-52mJJopsdMOJCLEwWxD8DjlOnQ8=",
      "requires": {
        "min-document": "^2.19.0",
        "process": "~0.5.1"
      }
    },
    "globals": {
      "version": "9.18.0",
      "resolved": "https://registry.npmjs.org/globals/-/globals-9.18.0.tgz",
      "integrity": "sha512-S0nG3CLEQiY/ILxqtztTWH/3iRRdyBLw6KMDxnKMchrtbj2OFmehVh0WUCfW3DUrIgx/qFrJPICrq4Z4sTR9UQ=="
    },
    "graceful-fs": {
      "version": "4.1.15",
      "resolved": "http://registry.npm.taobao.org/graceful-fs/download/graceful-fs-4.1.15.tgz",
      "integrity": "sha1-/7cD4QZuig7qpMi4C6klPu77+wA="
    },
    "has-ansi": {
      "version": "2.0.0",
      "resolved": "http://registry.npm.taobao.org/has-ansi/download/has-ansi-2.0.0.tgz",
      "integrity": "sha1-NPUEnOHs3ysGSa8+8k5F7TVBbZE=",
      "requires": {
        "ansi-regex": "^2.0.0"
      }
    },
    "home-or-tmp": {
      "version": "2.0.0",
      "resolved": "https://registry.npmjs.org/home-or-tmp/-/home-or-tmp-2.0.0.tgz",
      "integrity": "sha1-42w/LSyufXRqhX440Y1fMqeILbg=",
      "requires": {
        "os-homedir": "^1.0.0",
        "os-tmpdir": "^1.0.1"
      }
    },
    "http-assert": {
      "version": "1.4.0",
      "resolved": "http://registry.npm.taobao.org/http-assert/download/http-assert-1.4.0.tgz",
      "integrity": "sha1-DlULT8pq3xIbvu2DJIwX5i9ZOpo=",
      "requires": {
        "deep-equal": "~1.0.1",
        "http-errors": "~1.7.1"
      }
    },
    "http-errors": {
      "version": "1.7.1",
      "resolved": "http://registry.npm.taobao.org/http-errors/download/http-errors-1.7.1.tgz",
      "integrity": "sha1-ak/+XTUYjhw5+HJTRpBYWFLh8Cc=",
      "requires": {
        "depd": "~1.1.2",
        "inherits": "2.0.3",
        "setprototypeof": "1.1.0",
        "statuses": ">= 1.5.0 < 2",
        "toidentifier": "1.0.0"
      }
    },
    "hyperquest": {
      "version": "2.1.3",
      "resolved": "http://registry.npm.taobao.org/hyperquest/download/hyperquest-2.1.3.tgz",
      "integrity": "sha1-UjEn16NDGBtAvzJOIx0ldu31JjM=",
      "requires": {
        "buffer-from": "^0.1.1",
        "duplexer2": "~0.0.2",
        "through2": "~0.6.3"
      }
    },
    "inflight": {
      "version": "1.0.6",
      "resolved": "http://registry.npm.taobao.org/inflight/download/inflight-1.0.6.tgz",
      "integrity": "sha1-Sb1jMdfQLQwJvJEKEHW6gWW1bfk=",
      "requires": {
        "once": "^1.3.0",
        "wrappy": "1"
      }
    },
    "inherits": {
      "version": "2.0.3",
      "resolved": "http://registry.npm.taobao.org/inherits/download/inherits-2.0.3.tgz",
      "integrity": "sha1-Yzwsg+PaQqUC9SRmAiSA9CCCYd4="
    },
    "invariant": {
      "version": "2.2.4",
      "resolved": "https://registry.npmjs.org/invariant/-/invariant-2.2.4.tgz",
      "integrity": "sha512-phJfQVBuaJM5raOpJjSfkiD6BpbCE4Ns//LaXl6wGYtUBY83nWS6Rf9tXm2e8VaK60JEjYldbPif/A2B1C2gNA==",
      "requires": {
        "loose-envify": "^1.0.0"
      }
    },
    "is-finite": {
      "version": "1.1.0",
      "resolved": "https://registry.npmjs.org/is-finite/-/is-finite-1.1.0.tgz",
      "integrity": "sha512-cdyMtqX/BOqqNBBiKlIVkytNHm49MtMlYyn1zxzvJKWmFMlGzm+ry5BBfYyeY9YmNKbRSo/o7OX9w9ale0wg3w=="
    },
    "is-generator-function": {
      "version": "1.0.7",
      "resolved": "http://registry.npm.taobao.org/is-generator-function/download/is-generator-function-1.0.7.tgz",
      "integrity": "sha1-0hMuUpuwAAp/gHlNS99c1eWBNSI="
    },
    "isarray": {
      "version": "0.0.1",
      "resolved": "http://registry.npm.taobao.org/isarray/download/isarray-0.0.1.tgz",
      "integrity": "sha1-ihis/Kmo9Bd+Cav8YDiTmwXR7t8="
    },
    "isexe": {
      "version": "2.0.0",
      "resolved": "http://registry.npm.taobao.org/isexe/download/isexe-2.0.0.tgz",
      "integrity": "sha1-6PvzdNxVb/iUehDcsFctYz8s+hA="
    },
    "js-tokens": {
      "version": "3.0.2",
      "resolved": "https://registry.npmjs.org/js-tokens/-/js-tokens-3.0.2.tgz",
      "integrity": "sha1-mGbfOVECEw449/mWvOtlRDIJwls="
    },
    "jsesc": {
      "version": "1.3.0",
      "resolved": "https://registry.npmjs.org/jsesc/-/jsesc-1.3.0.tgz",
      "integrity": "sha1-RsP+yMGJKxKwgz25vHYiF226s0s="
    },
    "json5": {
      "version": "0.5.1",
      "resolved": "https://registry.npmjs.org/json5/-/json5-0.5.1.tgz",
      "integrity": "sha1-Hq3nrMASA0rYTiOWdn6tn6VJWCE="
    },
    "jsonfile": {
      "version": "4.0.0",
      "resolved": "http://registry.npm.taobao.org/jsonfile/download/jsonfile-4.0.0.tgz",
      "integrity": "sha1-h3Gq4HmbZAdrdmQPygWPnBDjPss=",
      "requires": {
        "graceful-fs": "^4.1.6"
      }
    },
    "keygrip": {
      "version": "1.0.3",
      "resolved": "http://registry.npm.taobao.org/keygrip/download/keygrip-1.0.3.tgz",
      "integrity": "sha1-OZ1wnwrtK6sKBZ4M3TpQI6BT4dw="
    },
    "koa": {
      "version": "2.6.2",
      "resolved": "https://registry.npmjs.org/koa/-/koa-2.6.2.tgz",
      "integrity": "sha512-KdnBFhTgh9ysMMoYe4J4fLvaKjT7mF3nRYV8MjxLzx6qywFNeptqi4xevyUltg1fZl2CFJ+HeLXuCGx07Yvl/A==",
      "requires": {
        "accepts": "^1.3.5",
        "cache-content-type": "^1.0.0",
        "content-disposition": "~0.5.2",
        "content-type": "^1.0.4",
        "cookies": "~0.7.1",
        "debug": "~3.1.0",
        "delegates": "^1.0.0",
        "depd": "^1.1.2",
        "destroy": "^1.0.4",
        "error-inject": "^1.0.0",
        "escape-html": "^1.0.3",
        "fresh": "~0.5.2",
        "http-assert": "^1.3.0",
        "http-errors": "^1.6.3",
        "is-generator-function": "^1.0.7",
        "koa-compose": "^4.1.0",
        "koa-convert": "^1.2.0",
        "koa-is-json": "^1.0.0",
        "on-finished": "^2.3.0",
        "only": "~0.0.2",
        "parseurl": "^1.3.2",
        "statuses": "^1.5.0",
        "type-is": "^1.6.16",
        "vary": "^1.1.2"
      },
      "dependencies": {
        "debug": {
          "version": "3.1.0",
          "resolved": "http://registry.npm.taobao.org/debug/download/debug-3.1.0.tgz",
          "integrity": "sha1-W7WgZyYotkFJVmuhaBnmFRjGcmE=",
          "requires": {
            "ms": "2.0.0"
          }
        }
      }
    },
    "koa-compose": {
      "version": "4.1.0",
      "resolved": "http://registry.npm.taobao.org/koa-compose/download/koa-compose-4.1.0.tgz",
      "integrity": "sha1-UHMGuTcZAdtBEhyBLpI9DWfT6Hc="
    },
    "koa-convert": {
      "version": "1.2.0",
      "resolved": "http://registry.npm.taobao.org/koa-convert/download/koa-convert-1.2.0.tgz",
      "integrity": "sha1-2kCHXfSd4FOQmNFwC1CCDOvNIdA=",
      "requires": {
        "co": "^4.6.0",
        "koa-compose": "^3.0.0"
      },
      "dependencies": {
        "koa-compose": {
          "version": "3.2.1",
          "resolved": "http://registry.npm.taobao.org/koa-compose/download/koa-compose-3.2.1.tgz",
          "integrity": "sha1-qFzLQLfZhtjlo0Wzoazo6rz1Tec=",
          "requires": {
            "any-promise": "^1.1.0"
          }
        }
      }
    },
    "koa-is-json": {
      "version": "1.0.0",
      "resolved": "http://registry.npm.taobao.org/koa-is-json/download/koa-is-json-1.0.0.tgz",
      "integrity": "sha1-JzwH7c3Ljfaiwat9We52SRRR7BQ="
    },
    "koa-send": {
      "version": "5.0.0",
      "resolved": "http://registry.npm.taobao.org/koa-send/download/koa-send-5.0.0.tgz",
      "integrity": "sha1-XoRB4H71VzdzTXztJbhC5QZG5+s=",
      "requires": {
        "debug": "^3.1.0",
        "http-errors": "^1.6.3",
        "mz": "^2.7.0",
        "resolve-path": "^1.4.0"
      },
      "dependencies": {
        "debug": {
          "version": "3.2.6",
          "resolved": "http://registry.npm.taobao.org/debug/download/debug-3.2.6.tgz",
          "integrity": "sha1-6D0X3hbYp++3cX7b5fsQE17uYps=",
          "requires": {
            "ms": "^2.1.1"
          }
        },
        "ms": {
          "version": "2.1.1",
          "resolved": "http://registry.npm.taobao.org/ms/download/ms-2.1.1.tgz",
          "integrity": "sha1-MKWGTrPrsKZvLr5tcnrwagnYbgo="
        }
      }
    },
    "koa-static": {
      "version": "5.0.0",
      "resolved": "https://registry.npmjs.org/koa-static/-/koa-static-5.0.0.tgz",
      "integrity": "sha512-UqyYyH5YEXaJrf9S8E23GoJFQZXkBVJ9zYYMPGz919MSX1KuvAcycIuS0ci150HCoPf4XQVhQ84Qf8xRPWxFaQ==",
      "requires": {
        "debug": "^3.1.0",
        "koa-send": "^5.0.0"
      },
      "dependencies": {
        "debug": {
          "version": "3.2.6",
          "resolved": "http://registry.npm.taobao.org/debug/download/debug-3.2.6.tgz",
          "integrity": "sha1-6D0X3hbYp++3cX7b5fsQE17uYps=",
          "requires": {
            "ms": "^2.1.1"
          }
        },
        "ms": {
          "version": "2.1.1",
          "resolved": "http://registry.npm.taobao.org/ms/download/ms-2.1.1.tgz",
          "integrity": "sha1-MKWGTrPrsKZvLr5tcnrwagnYbgo="
        }
      }
    },
    "lodash": {
      "version": "4.17.21",
      "resolved": "https://registry.npmjs.org/lodash/-/lodash-4.17.21.tgz",
      "integrity": "sha512-v2kDEe57lecTulaDIuNTPy3Ry4gLGJ6Z1O3vE1krgXZNrsQ+LFTGHVxVjcXPs17LhbZVGedAJv8XZ1tvj5FvSg=="
    },
    "loose-envify": {
      "version": "1.4.0",
      "resolved": "https://registry.npmjs.org/loose-envify/-/loose-envify-1.4.0.tgz",
      "integrity": "sha512-lyuxPGr/Wfhrlem2CL/UcnUc1zcqKAImBDzukY7Y5F/yQiNdko6+fRLevlw1HgMySw7f611UIY408EtxRSoK3Q==",
      "requires": {
        "js-tokens": "^3.0.0 || ^4.0.0"
      }
    },
    "lru-cache": {
      "version": "4.1.4",
      "resolved": "http://registry.npm.taobao.org/lru-cache/download/lru-cache-4.1.4.tgz",
      "integrity": "sha1-UcxG6ObZUwdxyFfiTMxyDs28wDE=",
      "requires": {
        "pseudomap": "^1.0.2",
        "yallist": "^3.0.2"
      }
    },
    "media-typer": {
      "version": "0.3.0",
      "resolved": "http://registry.npm.taobao.org/media-typer/download/media-typer-0.3.0.tgz",
      "integrity": "sha1-hxDXrwqmJvj/+hzgAWhUUmMlV0g="
    },
    "mime-db": {
      "version": "1.37.0",
      "resolved": "http://registry.npm.taobao.org/mime-db/download/mime-db-1.37.0.tgz",
      "integrity": "sha1-C2oM5v2+lXbiXx8tL96IMNwK0Ng="
    },
    "mime-types": {
      "version": "2.1.21",
      "resolved": "http://registry.npm.taobao.org/mime-types/download/mime-types-2.1.21.tgz",
      "integrity": "sha1-KJlaoey3cHQv5q5+WPkYHHRLP5Y=",
      "requires": {
        "mime-db": "~1.37.0"
      }
    },
    "min-document": {
      "version": "2.19.0",
      "resolved": "http://registry.npm.taobao.org/min-document/download/min-document-2.19.0.tgz",
      "integrity": "sha1-e9KC4/WELtKVu3SM3Z8f+iyCRoU=",
      "requires": {
        "dom-walk": "^0.1.0"
      }
    },
    "minimatch": {
      "version": "3.0.4",
      "resolved": "http://registry.npm.taobao.org/minimatch/download/minimatch-3.0.4.tgz",
      "integrity": "sha1-UWbihkV/AzBgZL5Ul+jbsMPTIIM=",
      "requires": {
        "brace-expansion": "^1.1.7"
      }
    },
    "minimist": {
      "version": "0.0.8",
      "resolved": "http://registry.npm.taobao.org/minimist/download/minimist-0.0.8.tgz",
      "integrity": "sha1-hX/Kv8M5fSYluCKCYuhqp6ARsF0="
    },
    "mkdirp": {
      "version": "0.5.1",
      "resolved": "http://registry.npm.taobao.org/mkdirp/download/mkdirp-0.5.1.tgz",
      "integrity": "sha1-MAV0OOrGz3+MR2fzhkjWaX11yQM=",
      "requires": {
        "minimist": "0.0.8"
      }
    },
    "ms": {
      "version": "2.0.0",
      "resolved": "http://registry.npm.taobao.org/ms/download/ms-2.0.0.tgz",
      "integrity": "sha1-VgiurfwAvmwpAd9fmGF4jeDVl8g="
    },
    "mz": {
      "version": "2.7.0",
      "resolved": "http://registry.npm.taobao.org/mz/download/mz-2.7.0.tgz",
      "integrity": "sha1-lQCAV6Vsr63CvGPd5/n/aVWUjjI=",
      "requires": {
        "any-promise": "^1.0.0",
        "object-assign": "^4.0.1",
        "thenify-all": "^1.0.0"
      }
    },
    "negotiator": {
      "version": "0.6.1",
      "resolved": "http://registry.npm.taobao.org/negotiator/download/negotiator-0.6.1.tgz",
      "integrity": "sha1-KzJxhOiZIQEXeyhWP7XnECrNDKk="
    },
    "object-assign": {
      "version": "4.1.1",
      "resolved": "http://registry.npm.taobao.org/object-assign/download/object-assign-4.1.1.tgz",
      "integrity": "sha1-IQmtx5ZYh8/AXLvUQsrIv7s2CGM="
    },
    "on-finished": {
      "version": "2.3.0",
      "resolved": "http://registry.npm.taobao.org/on-finished/download/on-finished-2.3.0.tgz",
      "integrity": "sha1-IPEzZIGwg811M3mSoWlxqi2QaUc=",
      "requires": {
        "ee-first": "1.1.1"
      }
    },
    "once": {
      "version": "1.4.0",
      "resolved": "http://registry.npm.taobao.org/once/download/once-1.4.0.tgz",
      "integrity": "sha1-WDsap3WWHUsROsF9nFC6753Xa9E=",
      "requires": {
        "wrappy": "1"
      }
    },
    "only": {
      "version": "0.0.2",
      "resolved": "http://registry.npm.taobao.org/only/download/only-0.0.2.tgz",
      "integrity": "sha1-Kv3oTQPlC5qO3EROMGEKcCle37Q="
    },
    "os-homedir": {
      "version": "1.0.2",
      "resolved": "https://registry.npmjs.org/os-homedir/-/os-homedir-1.0.2.tgz",
      "integrity": "sha1-/7xJiDNuDoM94MFox+8VISGqf7M="
    },
    "os-tmpdir": {
      "version": "1.0.2",
      "resolved": "http://registry.npm.taobao.org/os-tmpdir/download/os-tmpdir-1.0.2.tgz",
      "integrity": "sha1-u+Z0BseaqFxc/sdm/lc0VV36EnQ="
    },
    "parseurl": {
      "version": "1.3.2",
      "resolved": "http://registry.npm.taobao.org/parseurl/download/parseurl-1.3.2.tgz",
      "integrity": "sha1-/CidTtiZMRlGDBViUyYs3I3mW/M="
    },
    "path-is-absolute": {
      "version": "1.0.1",
      "resolved": "http://registry.npm.taobao.org/path-is-absolute/download/path-is-absolute-1.0.1.tgz",
      "integrity": "sha1-F0uSaHNVNP+8es5r9TpanhtcX18="
    },
    "private": {
      "version": "0.1.8",
      "resolved": "https://registry.npmjs.org/private/-/private-0.1.8.tgz",
      "integrity": "sha512-VvivMrbvd2nKkiG38qjULzlc+4Vx4wm/whI9pQD35YrARNnhxeiRktSOhSukRLFNlzg6Br/cJPet5J/u19r/mg=="
    },
    "process": {
      "version": "0.5.2",
      "resolved": "http://registry.npm.taobao.org/process/download/process-0.5.2.tgz",
      "integrity": "sha1-FjjYqONML0QKkduVq5rrZ3/Bhc8="
    },
    "process-nextick-args": {
      "version": "2.0.0",
      "resolved": "http://registry.npm.taobao.org/process-nextick-args/download/process-nextick-args-2.0.0.tgz",
      "integrity": "sha1-o31zL0JxtKsa0HDTVQjoKQeI/6o="
    },
    "pseudomap": {
      "version": "1.0.2",
      "resolved": "http://registry.npm.taobao.org/pseudomap/download/pseudomap-1.0.2.tgz",
      "integrity": "sha1-8FKijacOYYkX7wqKw0wa5aaChrM="
    },
    "readable-stream": {
      "version": "1.1.14",
      "resolved": "http://registry.npm.taobao.org/readable-stream/download/readable-stream-1.1.14.tgz",
      "integrity": "sha1-fPTFTvZI44EwhMY23SB54WbAgdk=",
      "requires": {
        "core-util-is": "~1.0.0",
        "inherits": "~2.0.1",
        "isarray": "0.0.1",
        "string_decoder": "~0.10.x"
      }
    },
    "regenerator-runtime": {
      "version": "0.11.1",
      "resolved": "https://registry.npmjs.org/regenerator-runtime/-/regenerator-runtime-0.11.1.tgz",
      "integrity": "sha512-MguG95oij0fC3QV3URf4V2SDYGJhJnJGqvIIgdECeODCT98wSWDAJ94SSuVpYQUoTcGUIL6L4yNB7j1DFFHSBg=="
    },
    "repeating": {
      "version": "2.0.1",
      "resolved": "https://registry.npmjs.org/repeating/-/repeating-2.0.1.tgz",
      "integrity": "sha1-UhTFOpJtNVJwdSf7q0FdvAjQbdo=",
      "requires": {
        "is-finite": "^1.0.0"
      }
    },
    "resolve-path": {
      "version": "1.4.0",
      "resolved": "http://registry.npm.taobao.org/resolve-path/download/resolve-path-1.4.0.tgz",
      "integrity": "sha1-xL2p9e+y/OZSR4c6s2u02DT+Fvc=",
      "requires": {
        "http-errors": "~1.6.2",
        "path-is-absolute": "1.0.1"
      },
      "dependencies": {
        "http-errors": {
          "version": "1.6.3",
          "resolved": "http://registry.npm.taobao.org/http-errors/download/http-errors-1.6.3.tgz",
          "integrity": "sha1-i1VoC7S+KDoLW/TqLjhYC+HZMg0=",
          "requires": {
            "depd": "~1.1.2",
            "inherits": "2.0.3",
            "setprototypeof": "1.1.0",
            "statuses": ">= 1.4.0 < 2"
          }
        }
      }
    },
    "rimraf": {
      "version": "2.6.2",
      "resolved": "http://registry.npm.taobao.org/rimraf/download/rimraf-2.6.2.tgz",
      "integrity": "sha1-LtgVDSShbqhlHm1u8PR8QVjOejY=",
      "requires": {
        "glob": "^7.0.5"
      }
    },
    "rollup": {
      "version": "0.67.3",
      "resolved": "https://registry.npmjs.org/rollup/-/rollup-0.67.3.tgz",
      "integrity": "sha512-TyNQCz97rKuVVbsKUTXfwIjV7UljWyTVd7cTMuE+aqlQ7WJslkYF5QaYGjMLR2BlQtUOO5CAxSVnpQ55iYp5jg==",
      "requires": {
        "@types/estree": "0.0.39",
        "@types/node": "*"
      }
    },
    "safe-buffer": {
      "version": "5.1.2",
      "resolved": "http://registry.npm.taobao.org/safe-buffer/download/safe-buffer-5.1.2.tgz",
      "integrity": "sha1-mR7GnSluAxN0fVm9/St0XDX4go0="
    },
    "semver": {
      "version": "5.5.1",
      "resolved": "http://registry.npm.taobao.org/semver/download/semver-5.5.1.tgz",
      "integrity": "sha1-ff3YgUvbfKvHvg+x1zTPtmyUBHc="
    },
    "setprototypeof": {
      "version": "1.1.0",
      "resolved": "http://registry.npm.taobao.org/setprototypeof/download/setprototypeof-1.1.0.tgz",
      "integrity": "sha1-0L2FU2iHtv58DYGMuWLZ2RxU5lY="
    },
    "slash": {
      "version": "1.0.0",
      "resolved": "https://registry.npmjs.org/slash/-/slash-1.0.0.tgz",
      "integrity": "sha1-xB8vbDn8FtHNF61LXYlhFK5HDVU="
    },
    "source-map": {
      "version": "0.7.3",
      "resolved": "http://registry.npm.taobao.org/source-map/download/source-map-0.7.3.tgz",
      "integrity": "sha1-UwL4FpAxc1ImVECS5kmB91F1A4M="
    },
    "source-map-support": {
      "version": "0.4.18",
      "resolved": "https://registry.npmjs.org/source-map-support/-/source-map-support-0.4.18.tgz",
      "integrity": "sha512-try0/JqxPLF9nOjvSta7tVondkP5dwgyLDjVoyMDlmjugT2lRZ1OfsrYTkCd2hkDnJTKRbO/Rl3orm8vlsUzbA==",
      "requires": {
        "source-map": "^0.5.6"
      },
      "dependencies": {
        "source-map": {
          "version": "0.5.7",
          "resolved": "https://registry.npmjs.org/source-map/-/source-map-0.5.7.tgz",
          "integrity": "sha1-igOdLRAh0i0eoUyA2OpGi6LvP8w="
        }
      }
    },
    "statuses": {
      "version": "1.5.0",
      "resolved": "http://registry.npm.taobao.org/statuses/download/statuses-1.5.0.tgz",
      "integrity": "sha1-Fhx9rBd2Wf2YEfQ3cfqZOBR4Yow="
    },
    "string_decoder": {
      "version": "0.10.31",
      "resolved": "http://registry.npm.taobao.org/string_decoder/download/string_decoder-0.10.31.tgz",
      "integrity": "sha1-YuIDvEF2bGwoyfyEMB2rHFMQ+pQ="
    },
    "strip-ansi": {
      "version": "3.0.1",
      "resolved": "http://registry.npm.taobao.org/strip-ansi/download/strip-ansi-3.0.1.tgz",
      "integrity": "sha1-ajhfuIU9lS1f8F0Oiq+UJ43GPc8=",
      "requires": {
        "ansi-regex": "^2.0.0"
      }
    },
    "supports-color": {
      "version": "2.0.0",
      "resolved": "http://registry.npm.taobao.org/supports-color/download/supports-color-2.0.0.tgz",
      "integrity": "sha1-U10EXOa2Nj+kARcIRimZXp3zJMc="
    },
    "tar": {
      "version": "2.2.2",
      "resolved": "https://registry.npmjs.org/tar/-/tar-2.2.2.tgz",
      "integrity": "sha512-FCEhQ/4rE1zYv9rYXJw/msRqsnmlje5jHP6huWeBZ704jUTy02c5AZyWujpMR1ax6mVw9NyJMfuK2CMDWVIfgA==",
      "requires": {
        "block-stream": "*",
        "fstream": "^1.0.12",
        "inherits": "2"
      },
      "dependencies": {
        "fstream": {
          "version": "1.0.12",
          "resolved": "https://registry.npmjs.org/fstream/-/fstream-1.0.12.tgz",
          "integrity": "sha512-WvJ193OHa0GHPEL+AycEJgxvBEwyfRkN1vhjca23OaPVMCaLCXTd5qAu82AjTcgP1UJmytkOKb63Ypde7raDIg==",
          "requires": {
            "graceful-fs": "^4.1.2",
            "inherits": "~2.0.0",
            "mkdirp": ">=0.5 0",
            "rimraf": "2"
          }
        }
      }
    },
    "tar-pack": {
      "version": "3.4.1",
      "resolved": "http://registry.npm.taobao.org/tar-pack/download/tar-pack-3.4.1.tgz",
      "integrity": "sha1-4dvAOpudO6B+iWrQJzF+tnmhCh8=",
      "requires": {
        "debug": "^2.2.0",
        "fstream": "^1.0.10",
        "fstream-ignore": "^1.0.5",
        "once": "^1.3.3",
        "readable-stream": "^2.1.4",
        "rimraf": "^2.5.1",
        "tar": "^2.2.1",
        "uid-number": "^0.0.6"
      },
      "dependencies": {
        "isarray": {
          "version": "1.0.0",
          "resolved": "http://registry.npm.taobao.org/isarray/download/isarray-1.0.0.tgz",
          "integrity": "sha1-u5NdSFgsuhaMBoNJV6VKPgcSTxE="
        },
        "readable-stream": {
          "version": "2.3.6",
          "resolved": "http://registry.npm.taobao.org/readable-stream/download/readable-stream-2.3.6.tgz",
          "integrity": "sha1-sRwn2IuP8fvgcGQ8+UsMea4bCq8=",
          "requires": {
            "core-util-is": "~1.0.0",
            "inherits": "~2.0.3",
            "isarray": "~1.0.0",
            "process-nextick-args": "~2.0.0",
            "safe-buffer": "~5.1.1",
            "string_decoder": "~1.1.1",
            "util-deprecate": "~1.0.1"
          }
        },
        "string_decoder": {
          "version": "1.1.1",
          "resolved": "http://registry.npm.taobao.org/string_decoder/download/string_decoder-1.1.1.tgz",
          "integrity": "sha1-nPFhG6YmhdcDCunkujQUnDrwP8g=",
          "requires": {
            "safe-buffer": "~5.1.0"
          }
        }
      }
    },
    "thenify": {
      "version": "3.3.0",
      "resolved": "http://registry.npm.taobao.org/thenify/download/thenify-3.3.0.tgz",
      "integrity": "sha1-5p44obq+lpsBCCB5eLn2K4hgSDk=",
      "requires": {
        "any-promise": "^1.0.0"
      }
    },
    "thenify-all": {
      "version": "1.6.0",
      "resolved": "http://registry.npm.taobao.org/thenify-all/download/thenify-all-1.6.0.tgz",
      "integrity": "sha1-GhkY1ALY/D+Y+/I02wvMjMEOlyY=",
      "requires": {
        "thenify": ">= 3.1.0 < 4"
      }
    },
    "through2": {
      "version": "0.6.5",
      "resolved": "http://registry.npm.taobao.org/through2/download/through2-0.6.5.tgz",
      "integrity": "sha1-QaucZ7KdVyCQcUEOHXp6lozTrUg=",
      "requires": {
        "readable-stream": ">=1.0.33-1 <1.1.0-0",
        "xtend": ">=4.0.0 <4.1.0-0"
      },
      "dependencies": {
        "readable-stream": {
          "version": "1.0.34",
          "resolved": "http://registry.npm.taobao.org/readable-stream/download/readable-stream-1.0.34.tgz",
          "integrity": "sha1-Elgg40vIQtLyqq+v5MKRbuMsFXw=",
          "requires": {
            "core-util-is": "~1.0.0",
            "inherits": "~2.0.1",
            "isarray": "0.0.1",
            "string_decoder": "~0.10.x"
          }
        }
      }
    },
    "tmp": {
      "version": "0.0.33",
      "resolved": "http://registry.npm.taobao.org/tmp/download/tmp-0.0.33.tgz",
      "integrity": "sha1-bTQzWIl2jSGyvNoKonfO07G/rfk=",
      "requires": {
        "os-tmpdir": "~1.0.2"
      }
    },
    "to-fast-properties": {
      "version": "1.0.3",
      "resolved": "https://registry.npmjs.org/to-fast-properties/-/to-fast-properties-1.0.3.tgz",
      "integrity": "sha1-uDVx+k2MJbguIxsG46MFXeTKGkc="
    },
    "toidentifier": {
      "version": "1.0.0",
      "resolved": "http://registry.npm.taobao.org/toidentifier/download/toidentifier-1.0.0.tgz",
      "integrity": "sha1-fhvjRw8ed5SLxD2Uo8j013UrpVM="
    },
    "trim-right": {
      "version": "1.0.1",
      "resolved": "https://registry.npmjs.org/trim-right/-/trim-right-1.0.1.tgz",
      "integrity": "sha1-yy4SAwZ+DI3h9hQJS5/kVwTqYAM="
    },
    "type-is": {
      "version": "1.6.16",
      "resolved": "http://registry.npm.taobao.org/type-is/download/type-is-1.6.16.tgz",
      "integrity": "sha1-+JzjQVQcZysl7nrjxz3uOyvlAZQ=",
      "requires": {
        "media-typer": "0.3.0",
        "mime-types": "~2.1.18"
      }
    },
    "uid-number": {
      "version": "0.0.6",
      "resolved": "http://registry.npm.taobao.org/uid-number/download/uid-number-0.0.6.tgz",
      "integrity": "sha1-DqEOgDXo61uOREnwbaHHMGY7qoE="
    },
    "universalify": {
      "version": "0.1.2",
      "resolved": "http://registry.npm.taobao.org/universalify/download/universalify-0.1.2.tgz",
      "integrity": "sha1-tkb2m+OULavOzJ1mOcgNwQXvqmY="
    },
    "util-deprecate": {
      "version": "1.0.2",
      "resolved": "http://registry.npm.taobao.org/util-deprecate/download/util-deprecate-1.0.2.tgz",
      "integrity": "sha1-RQ1Nyfpw3nMnYvvS1KKJgUGaDM8="
    },
    "validate-npm-package-name": {
      "version": "3.0.0",
      "resolved": "http://registry.npm.taobao.org/validate-npm-package-name/download/validate-npm-package-name-3.0.0.tgz",
      "integrity": "sha1-X6kS2B630MdK/BQN5zF/DKffQ34=",
      "requires": {
        "builtins": "^1.0.3"
      }
    },
    "vary": {
      "version": "1.1.2",
      "resolved": "http://registry.npm.taobao.org/vary/download/vary-1.1.2.tgz",
      "integrity": "sha1-IpnwLG3tMNSllhsLn3RSShj2NPw="
    },
    "which": {
      "version": "1.3.1",
      "resolved": "http://registry.npm.taobao.org/which/download/which-1.3.1.tgz",
      "integrity": "sha1-pFBD1U9YBTFtqNYvn1CRjT2nCwo=",
      "requires": {
        "isexe": "^2.0.0"
      }
    },
    "wrappy": {
      "version": "1.0.2",
      "resolved": "http://registry.npm.taobao.org/wrappy/download/wrappy-1.0.2.tgz",
      "integrity": "sha1-tSQ9jz7BqjXxNkYFvA0QNuMKtp8="
    },
    "xtend": {
      "version": "4.0.1",
      "resolved": "http://registry.npm.taobao.org/xtend/download/xtend-4.0.1.tgz",
      "integrity": "sha1-pcbVMr5lbiPbgg77lDofBJmNY68="
    },
    "yallist": {
      "version": "3.0.3",
      "resolved": "http://registry.npm.taobao.org/yallist/download/yallist-3.0.3.tgz",
      "integrity": "sha1-tLBJ4xS+VF486AIjbWzSLNkcPek="
    },
    "ylru": {
      "version": "1.2.1",
      "resolved": "http://registry.npm.taobao.org/ylru/download/ylru-1.2.1.tgz",
      "integrity": "sha1-9Xa2M0FUeYnB3nuiiHYJI7J/6E8="
    }
  }
}
